
Microsoft Visual Studio Solution File, Format Version 12.00
# Visual Studio Version 17
VisualStudioVersion = 17.3.32901.215
MinimumVisualStudioVersion = 10.0.40219.1
Project("{FAE04EC0-301F-11D3-BF4B-00C04F79EFBC}") = "sinif-listbox-1", "sinif-listbox-1\sinif-listbox-1.csproj", "{A5B89D7A-6F7E-421B-9381-1A1301B9B07B}"
EndProject
Global
	GlobalSection(SolutionConfigurationPlatforms) = preSolution
		Debug|Any CPU = Debug|Any CPU
		Release|Any CPU = Release|Any CPU
	EndGlobalSection
	GlobalSection(ProjectConfigurationPlatforms) = postSolution
		{A5B89D7A-6F7E-421B-9381-1A1301B9B07B}.Debug|Any CPU.ActiveCfg = Debug|Any CPU
		{A5B89D7A-6F7E-421B-9381-1A1301B9B07B}.Debug|Any CPU.Build.0 = Debug|Any CPU
		{A5B89D7A-6F7E-421B-9381-1A1301B9B07B}.Release|Any CPU.ActiveCfg = Release|Any CPU
		{A5B89D7A-6F7E-421B-9381-1A1301B9B07B}.Release|Any CPU.Build.0 = Release|Any CPU
	EndGlobalSection
	GlobalSection(SolutionProperties) = preSolution
		HideSolutionNode = FALSE
	EndGlobalSection
	GlobalSection(ExtensibilityGlobals) = postSolution
		SolutionGuid = {27D26430-EC15-4683-9A6E-A089969C4850}
	EndGlobalSection
EndGlobal
